
Microsoft Visual Studio Solution File, Format Version 12.00
# Visual Studio Version 17
VisualStudioVersion = 17.2.32630.192
MinimumVisualStudioVersion = 10.0.40219.1
Project("{FAE04EC0-301F-11D3-BF4B-00C04F79EFBC}") = "MvcCv", "MvcCv\MvcCv.csproj", "{C54D8EDB-518F-4991-AB02-5F7B3EF2EE0C}"
EndProject
Global
	GlobalSection(SolutionConfigurationPlatforms) = preSolution
		Debug|Any CPU = Debug|Any CPU
		Release|Any CPU = Release|Any CPU
	EndGlobalSection
	GlobalSection(ProjectConfigurationPlatforms) = postSolution
		{C54D8EDB-518F-4991-AB02-5F7B3EF2EE0C}.Debug|Any CPU.ActiveCfg = Debug|Any CPU
		{C54D8EDB-518F-4991-AB02-5F7B3EF2EE0C}.Debug|Any CPU.Build.0 = Debug|Any CPU
		{C54D8EDB-518F-4991-AB02-5F7B3EF2EE0C}.Release|Any CPU.ActiveCfg = Release|Any CPU
		{C54D8EDB-518F-4991-AB02-5F7B3EF2EE0C}.Release|Any CPU.Build.0 = Release|Any CPU
	EndGlobalSection
	GlobalSection(SolutionProperties) = preSolution
		HideSolutionNode = FALSE
	EndGlobalSection
	GlobalSection(ExtensibilityGlobals) = postSolution
		SolutionGuid = {88219CC7-60E8-42A7-AE74-8A2DFDAAC267}
	EndGlobalSection
EndGlobal
